{
    "_readme": [
        "This file locks the dependencies of your project to a known state",
        "Read more about it at https://getcomposer.org/doc/01-basic-usage.md#composer-lock-the-lock-file",
        "This file is @generated automatically"
    ],
    "content-hash": "dd67a016e5d4232a8e2e7ddcfb860821",
    "packages": [
        {
            "name": "keboola/csv",
            "version": "1.1.4",
            "source": {
                "type": "git",
                "url": "https://github.com/keboola/php-csv.git",
                "reference": "d7e257096c42eab09b54b7b46a905ca953a8eb6f"
            },
            "dist": {
                "type": "zip",
                "url": "https://api.github.com/repos/keboola/php-csv/zipball/d7e257096c42eab09b54b7b46a905ca953a8eb6f",
                "reference": "d7e257096c42eab09b54b7b46a905ca953a8eb6f",
                "shasum": ""
            },
            "require-dev": {
                "phpunit/phpunit": "~3.7"
            },
            "type": "library",
            "autoload": {
                "psr-0": {
                    "Keboola\\Csv": "src/"
                }
            },
            "notification-url": "https://packagist.org/downloads/",
            "license": [
                "MIT"
            ],
            "description": "Keboola CSV reader and writer",
            "homepage": "http://keboola.com",
            "time": "2016-04-21T20:46:22+00:00"
        }
    ],
    "packages-dev": [],
    "aliases": [],
    "minimum-stability": "stable",
    "stability-flags": [],
    "prefer-stable": false,
    "prefer-lowest": false,
    "platform": {
        "php": "^7.1"
    },
    "platform-dev": []
}
